
Microsoft Visual Studio Solution File, Format Version 12.00
# Visual Studio Version 17
VisualStudioVersion = 17.11.35208.52
MinimumVisualStudioVersion = 10.0.40219.1
Project("{FAE04EC0-301F-11D3-BF4B-00C04F79EFBC}") = "Project02BurgerMenu", "Project02BurgerMenu\Project02BurgerMenu.csproj", "{0B55A8C9-ADB5-4D44-80AC-9CEB6352599F}"
EndProject
Global
	GlobalSection(SolutionConfigurationPlatforms) = preSolution
		Debug|Any CPU = Debug|Any CPU
		Release|Any CPU = Release|Any CPU
	EndGlobalSection
	GlobalSection(ProjectConfigurationPlatforms) = postSolution
		{0B55A8C9-ADB5-4D44-80AC-9CEB6352599F}.Debug|Any CPU.ActiveCfg = Debug|Any CPU
		{0B55A8C9-ADB5-4D44-80AC-9CEB6352599F}.Debug|Any CPU.Build.0 = Debug|Any CPU
		{0B55A8C9-ADB5-4D44-80AC-9CEB6352599F}.Release|Any CPU.ActiveCfg = Release|Any CPU
		{0B55A8C9-ADB5-4D44-80AC-9CEB6352599F}.Release|Any CPU.Build.0 = Release|Any CPU
	EndGlobalSection
	GlobalSection(SolutionProperties) = preSolution
		HideSolutionNode = FALSE
	EndGlobalSection
	GlobalSection(ExtensibilityGlobals) = postSolution
		SolutionGuid = {5583B668-CEBD-416C-B622-87C6A8464ED9}
	EndGlobalSection
EndGlobal
